
Microsoft Visual Studio Solution File, Format Version 12.00
# Visual Studio Version 16
VisualStudioVersion = 16.0.31624.102
MinimumVisualStudioVersion = 10.0.40219.1
Project("{FAE04EC0-301F-11D3-BF4B-00C04F79EFBC}") = "02.10.2021", "02.10.2021\02.10.2021.csproj", "{396945D7-BC48-4884-99E3-4D24FEDDAA92}"
EndProject
Project("{FAE04EC0-301F-11D3-BF4B-00C04F79EFBC}") = "Homework", "Homework\Homework.csproj", "{B033A658-E97E-481E-B01F-B1405770C020}"
EndProject
Project("{FAE04EC0-301F-11D3-BF4B-00C04F79EFBC}") = "Lab 5", "Lab 5\Lab 5.csproj", "{F2728932-4FE4-481D-AA2F-C60883A62C9B}"
EndProject
Global
	GlobalSection(SolutionConfigurationPlatforms) = preSolution
		Debug|Any CPU = Debug|Any CPU
		Release|Any CPU = Release|Any CPU
	EndGlobalSection
	GlobalSection(ProjectConfigurationPlatforms) = postSolution
		{396945D7-BC48-4884-99E3-4D24FEDDAA92}.Debug|Any CPU.ActiveCfg = Debug|Any CPU
		{396945D7-BC48-4884-99E3-4D24FEDDAA92}.Debug|Any CPU.Build.0 = Debug|Any CPU
		{396945D7-BC48-4884-99E3-4D24FEDDAA92}.Release|Any CPU.ActiveCfg = Release|Any CPU
		{396945D7-BC48-4884-99E3-4D24FEDDAA92}.Release|Any CPU.Build.0 = Release|Any CPU
		{B033A658-E97E-481E-B01F-B1405770C020}.Debug|Any CPU.ActiveCfg = Debug|Any CPU
		{B033A658-E97E-481E-B01F-B1405770C020}.Debug|Any CPU.Build.0 = Debug|Any CPU
		{B033A658-E97E-481E-B01F-B1405770C020}.Release|Any CPU.ActiveCfg = Release|Any CPU
		{B033A658-E97E-481E-B01F-B1405770C020}.Release|Any CPU.Build.0 = Release|Any CPU
		{F2728932-4FE4-481D-AA2F-C60883A62C9B}.Debug|Any CPU.ActiveCfg = Debug|Any CPU
		{F2728932-4FE4-481D-AA2F-C60883A62C9B}.Debug|Any CPU.Build.0 = Debug|Any CPU
		{F2728932-4FE4-481D-AA2F-C60883A62C9B}.Release|Any CPU.ActiveCfg = Release|Any CPU
		{F2728932-4FE4-481D-AA2F-C60883A62C9B}.Release|Any CPU.Build.0 = Release|Any CPU
	EndGlobalSection
	GlobalSection(SolutionProperties) = preSolution
		HideSolutionNode = FALSE
	EndGlobalSection
	GlobalSection(ExtensibilityGlobals) = postSolution
		SolutionGuid = {599CE4C5-70FD-470B-B6FF-78837C0A228B}
	EndGlobalSection
EndGlobal
